
Microsoft Visual Studio Solution File, Format Version 12.00
# Visual Studio Version 17
VisualStudioVersion = 17.8.34330.188
MinimumVisualStudioVersion = 10.0.40219.1
Project("{FAE04EC0-301F-11D3-BF4B-00C04F79EFBC}") = "SoccerStarClassicTool_remaster", "SoccerStarClassicTool_remaster.csproj", "{0760B83F-8E9C-4F6B-979F-3641217A3E64}"
EndProject
Global
	GlobalSection(SolutionConfigurationPlatforms) = preSolution
		Debug|Any CPU = Debug|Any CPU
		Release|Any CPU = Release|Any CPU
	EndGlobalSection
	GlobalSection(ProjectConfigurationPlatforms) = postSolution
		{0760B83F-8E9C-4F6B-979F-3641217A3E64}.Debug|Any CPU.ActiveCfg = Debug|Any CPU
		{0760B83F-8E9C-4F6B-979F-3641217A3E64}.Debug|Any CPU.Build.0 = Debug|Any CPU
		{0760B83F-8E9C-4F6B-979F-3641217A3E64}.Release|Any CPU.ActiveCfg = Release|Any CPU
		{0760B83F-8E9C-4F6B-979F-3641217A3E64}.Release|Any CPU.Build.0 = Release|Any CPU
	EndGlobalSection
	GlobalSection(SolutionProperties) = preSolution
		HideSolutionNode = FALSE
	EndGlobalSection
	GlobalSection(ExtensibilityGlobals) = postSolution
		SolutionGuid = {50833A93-E2E6-4818-9B95-D00D0B75E7BB}
	EndGlobalSection
EndGlobal
